
Microsoft Visual Studio Solution File, Format Version 12.00
# Visual Studio Version 17
VisualStudioVersion = 17.7.34018.315
MinimumVisualStudioVersion = 10.0.40219.1
Project("{9A19103F-16F7-4668-BE54-9A1E7A4F7556}") = "ConsoleApp3", "ConsoleApp3\ConsoleApp3.csproj", "{96CA86BE-FAAB-435D-B4F9-1F56CF5D1D75}"
EndProject
Project("{9A19103F-16F7-4668-BE54-9A1E7A4F7556}") = "LogDLL", "LogDLL\LogDLL.csproj", "{3DEBDDFC-21D5-4B97-ACA3-7D34EA33FFE1}"
EndProject
Project("{9A19103F-16F7-4668-BE54-9A1E7A4F7556}") = "GlobalResource", "GlobalResource\GlobalResource.csproj", "{0E420D78-9407-45C1-949F-154F8EA557E6}"
EndProject
Project("{9A19103F-16F7-4668-BE54-9A1E7A4F7556}") = "DoNetSDK", "DoNetSDK\DoNetSDK.csproj", "{846BC2FD-545D-4E15-96E5-6B7E8A566D50}"
EndProject
Project("{9A19103F-16F7-4668-BE54-9A1E7A4F7556}") = "MetadataEdit", "MetadataEdit\MetadataEdit.csproj", "{CC754FFB-48C3-421B-A749-A3C413CFC78A}"
EndProject
Project("{FAE04EC0-301F-11D3-BF4B-00C04F79EFBC}") = "DMSSocketApp", "DMSSocketApp\DMSSocketApp.csproj", "{9C5F4967-542C-4546-BD86-972D3E1DEE53}"
EndProject
Global
	GlobalSection(SolutionConfigurationPlatforms) = preSolution
		Debug|Any CPU = Debug|Any CPU
		Debug|x86 = Debug|x86
		Release|Any CPU = Release|Any CPU
		Release|x86 = Release|x86
	EndGlobalSection
	GlobalSection(ProjectConfigurationPlatforms) = postSolution
		{96CA86BE-FAAB-435D-B4F9-1F56CF5D1D75}.Debug|Any CPU.ActiveCfg = Debug|Any CPU
		{96CA86BE-FAAB-435D-B4F9-1F56CF5D1D75}.Debug|Any CPU.Build.0 = Debug|Any CPU
		{96CA86BE-FAAB-435D-B4F9-1F56CF5D1D75}.Debug|x86.ActiveCfg = Debug|Any CPU
		{96CA86BE-FAAB-435D-B4F9-1F56CF5D1D75}.Debug|x86.Build.0 = Debug|Any CPU
		{96CA86BE-FAAB-435D-B4F9-1F56CF5D1D75}.Release|Any CPU.ActiveCfg = Release|Any CPU
		{96CA86BE-FAAB-435D-B4F9-1F56CF5D1D75}.Release|Any CPU.Build.0 = Release|Any CPU
		{96CA86BE-FAAB-435D-B4F9-1F56CF5D1D75}.Release|x86.ActiveCfg = Release|Any CPU
		{96CA86BE-FAAB-435D-B4F9-1F56CF5D1D75}.Release|x86.Build.0 = Release|Any CPU
		{3DEBDDFC-21D5-4B97-ACA3-7D34EA33FFE1}.Debug|Any CPU.ActiveCfg = Debug|Any CPU
		{3DEBDDFC-21D5-4B97-ACA3-7D34EA33FFE1}.Debug|Any CPU.Build.0 = Debug|Any CPU
		{3DEBDDFC-21D5-4B97-ACA3-7D34EA33FFE1}.Debug|x86.ActiveCfg = Debug|Any CPU
		{3DEBDDFC-21D5-4B97-ACA3-7D34EA33FFE1}.Debug|x86.Build.0 = Debug|Any CPU
		{3DEBDDFC-21D5-4B97-ACA3-7D34EA33FFE1}.Release|Any CPU.ActiveCfg = Release|Any CPU
		{3DEBDDFC-21D5-4B97-ACA3-7D34EA33FFE1}.Release|Any CPU.Build.0 = Release|Any CPU
		{3DEBDDFC-21D5-4B97-ACA3-7D34EA33FFE1}.Release|x86.ActiveCfg = Release|Any CPU
		{3DEBDDFC-21D5-4B97-ACA3-7D34EA33FFE1}.Release|x86.Build.0 = Release|Any CPU
		{0E420D78-9407-45C1-949F-154F8EA557E6}.Debug|Any CPU.ActiveCfg = Debug|Any CPU
		{0E420D78-9407-45C1-949F-154F8EA557E6}.Debug|Any CPU.Build.0 = Debug|Any CPU
		{0E420D78-9407-45C1-949F-154F8EA557E6}.Debug|x86.ActiveCfg = Debug|Any CPU
		{0E420D78-9407-45C1-949F-154F8EA557E6}.Debug|x86.Build.0 = Debug|Any CPU
		{0E420D78-9407-45C1-949F-154F8EA557E6}.Release|Any CPU.ActiveCfg = Release|Any CPU
		{0E420D78-9407-45C1-949F-154F8EA557E6}.Release|Any CPU.Build.0 = Release|Any CPU
		{0E420D78-9407-45C1-949F-154F8EA557E6}.Release|x86.ActiveCfg = Release|Any CPU
		{0E420D78-9407-45C1-949F-154F8EA557E6}.Release|x86.Build.0 = Release|Any CPU
		{846BC2FD-545D-4E15-96E5-6B7E8A566D50}.Debug|Any CPU.ActiveCfg = Debug|Any CPU
		{846BC2FD-545D-4E15-96E5-6B7E8A566D50}.Debug|Any CPU.Build.0 = Debug|Any CPU
		{846BC2FD-545D-4E15-96E5-6B7E8A566D50}.Debug|x86.ActiveCfg = Debug|Any CPU
		{846BC2FD-545D-4E15-96E5-6B7E8A566D50}.Debug|x86.Build.0 = Debug|Any CPU
		{846BC2FD-545D-4E15-96E5-6B7E8A566D50}.Release|Any CPU.ActiveCfg = Release|Any CPU
		{846BC2FD-545D-4E15-96E5-6B7E8A566D50}.Release|Any CPU.Build.0 = Release|Any CPU
		{846BC2FD-545D-4E15-96E5-6B7E8A566D50}.Release|x86.ActiveCfg = Release|Any CPU
		{846BC2FD-545D-4E15-96E5-6B7E8A566D50}.Release|x86.Build.0 = Release|Any CPU
		{CC754FFB-48C3-421B-A749-A3C413CFC78A}.Debug|Any CPU.ActiveCfg = Debug|Any CPU
		{CC754FFB-48C3-421B-A749-A3C413CFC78A}.Debug|Any CPU.Build.0 = Debug|Any CPU
		{CC754FFB-48C3-421B-A749-A3C413CFC78A}.Debug|x86.ActiveCfg = Debug|Any CPU
		{CC754FFB-48C3-421B-A749-A3C413CFC78A}.Debug|x86.Build.0 = Debug|Any CPU
		{CC754FFB-48C3-421B-A749-A3C413CFC78A}.Release|Any CPU.ActiveCfg = Release|Any CPU
		{CC754FFB-48C3-421B-A749-A3C413CFC78A}.Release|Any CPU.Build.0 = Release|Any CPU
		{CC754FFB-48C3-421B-A749-A3C413CFC78A}.Release|x86.ActiveCfg = Release|Any CPU
		{CC754FFB-48C3-421B-A749-A3C413CFC78A}.Release|x86.Build.0 = Release|Any CPU
		{9C5F4967-542C-4546-BD86-972D3E1DEE53}.Debug|Any CPU.ActiveCfg = Debug|Any CPU
		{9C5F4967-542C-4546-BD86-972D3E1DEE53}.Debug|Any CPU.Build.0 = Debug|Any CPU
		{9C5F4967-542C-4546-BD86-972D3E1DEE53}.Debug|x86.ActiveCfg = Debug|Any CPU
		{9C5F4967-542C-4546-BD86-972D3E1DEE53}.Debug|x86.Build.0 = Debug|Any CPU
		{9C5F4967-542C-4546-BD86-972D3E1DEE53}.Release|Any CPU.ActiveCfg = Release|Any CPU
		{9C5F4967-542C-4546-BD86-972D3E1DEE53}.Release|Any CPU.Build.0 = Release|Any CPU
		{9C5F4967-542C-4546-BD86-972D3E1DEE53}.Release|x86.ActiveCfg = Release|Any CPU
		{9C5F4967-542C-4546-BD86-972D3E1DEE53}.Release|x86.Build.0 = Release|Any CPU
	EndGlobalSection
	GlobalSection(SolutionProperties) = preSolution
		HideSolutionNode = FALSE
	EndGlobalSection
	GlobalSection(ExtensibilityGlobals) = postSolution
		SolutionGuid = {C676FA38-6947-4C1E-9FD3-3B13C44D98A9}
	EndGlobalSection
EndGlobal
